
Microsoft Visual Studio Solution File, Format Version 12.00
# Visual Studio Version 16
VisualStudioVersion = 16.0.31624.102
MinimumVisualStudioVersion = 10.0.40219.1
Project("{FAE04EC0-301F-11D3-BF4B-00C04F79EFBC}") = "Mastermind_Exercise", "Mastermind_Exercise\Mastermind_Exercise.csproj", "{CEC469AD-8906-4728-8142-2985389F727E}"
EndProject
Global
	GlobalSection(SolutionConfigurationPlatforms) = preSolution
		Debug|Any CPU = Debug|Any CPU
		Release|Any CPU = Release|Any CPU
	EndGlobalSection
	GlobalSection(ProjectConfigurationPlatforms) = postSolution
		{CEC469AD-8906-4728-8142-2985389F727E}.Debug|Any CPU.ActiveCfg = Debug|Any CPU
		{CEC469AD-8906-4728-8142-2985389F727E}.Debug|Any CPU.Build.0 = Debug|Any CPU
		{CEC469AD-8906-4728-8142-2985389F727E}.Release|Any CPU.ActiveCfg = Release|Any CPU
		{CEC469AD-8906-4728-8142-2985389F727E}.Release|Any CPU.Build.0 = Release|Any CPU
	EndGlobalSection
	GlobalSection(SolutionProperties) = preSolution
		HideSolutionNode = FALSE
	EndGlobalSection
	GlobalSection(ExtensibilityGlobals) = postSolution
		SolutionGuid = {B9927231-6687-498B-AC4D-E5DC2A680E8F}
	EndGlobalSection
EndGlobal
